schema: '2.0'
stages:
  build_dataset:
    cmd: jupyter nbconvert --to notebook --execute --inplace 10.11-prepare-dataset.ipynb
    deps:
    - path: ../data/def_frame_annot_sense_ids.txt
      md5: 17742220218aeeb00d28831d705b3a02
      size: 2878
    - path: 10.11-prepare-dataset.ipynb
      md5: 8e03d344a1b5a5aa04d66cd4f2653bc8
      size: 133488
    outs:
    - path: ../data/defgen_dataset_cwn/
      md5: 50ce6b30ae21a92b0a9628d38454adf6.dir
      size: 14780403
      nfiles: 7
    - path: ../data/denoising_dataset_cwn/
      md5: 854cc295b0dbf3f2bbfe71bb3a9304de.dir
      size: 3053951
      nfiles: 7
