schema: '2.0'
stages:
  build_dataset:
    cmd: jupyter nbconvert --to notebook --execute --inplace 10.11-prepare-dataset.ipynb
    deps:
    - path: ../data/def_frame_annot_sense_ids.txt
      md5: 17742220218aeeb00d28831d705b3a02
      size: 2878
    - path: 10.11-prepare-dataset.ipynb
      md5: 942c0fe5c2e6c7d92a5fafcb6ee722ba
      size: 133421
    outs:
    - path: ../data/defgen_dataset_cwn/
      md5: df5ea0d54666f716fd01d4ac8c49a77c.dir
      size: 136975791
      nfiles: 18
    - path: ../data/denoising_dataset_cwn/
      md5: 35521ce0f6efff0a7f6e4002d7267747.dir
      size: 12874375
      nfiles: 12
