schema: '2.0'
stages:
  build_dataset:
    cmd: jupyter nbconvert --to notebook --execute --inplace 10.11-prepare-dataset.ipynb
    deps:
    - path: ../data/def_frame_annot_sense_ids.txt
      md5: 17742220218aeeb00d28831d705b3a02
      size: 2878
    - path: 10.11-prepare-dataset.ipynb
      md5: 942c0fe5c2e6c7d92a5fafcb6ee722ba
      size: 133421
    outs:
    - path: ../data/defgen_dataset_cwn/
      md5: 2a7fed04cae6ede3f05b34526000e2c2.dir
      size: 389602487
      nfiles: 44
    - path: ../data/denoising_dataset_cwn/
      md5: 18a39abac9cf1d0fa61269fe6f68c454.dir
      size: 13221871
      nfiles: 13
